{
  "name": "@lumine-code/second-mate",
  "version": "9.0.0",
  "lockfileVersion": 2,
  "requires": true,
  "packages": {
    "": {
      "name": "@lumine-code/second-mate",
      "version": "9.0.0",
      "license": "MIT",
      "dependencies": {
        "@lumine-code/fs-plus": "https://github.com/lumine-code/fs-plus.git#6be512460cd7a6d617277f9608b3fcba264cb3be",
        "@lumine-code/season": "https://github.com/lumine-code/season.git#721e25f3a41fd9b73419bba7af5057c1a006fd5d",
        "@lumine-code/underscore-plus": "https://github.com/lumine-code/underscore-plus.git#330ad1fe2fae4e495a5f52939d8d1d7592ce4e65",
        "event-kit": "^2.5.3",
        "grim": "^2.0.3",
        "vscode-oniguruma": "^2.0.1"
      },
      "devDependencies": {
        "chai": "^4.5.0",
        "chai-spies": "^1.1.0",
        "chai-wait-for": "^3.2.2",
        "jasmine": "^6.3.0",
        "pegjs": "^0.10.0"
      },
      "engines": {
        "node": ">=20"
      }
    },
    "node_modules/@jasminejs/reporters": {
      "version": "1.0.0",
      "resolved": "https://registry.npmjs.org/@jasminejs/reporters/-/reporters-1.0.0.tgz",
      "integrity": "sha512-rM3GG4vx2H1Gp5kYCTr9aKlOEJFd43pzpiMAiy5b1+FUc2ub4e6bS6yCi/WQNDzAa5MVp9++dwcoEtcIfoEnhA==",
      "dev": true,
      "license": "MIT"
    },
    "node_modules/@lumine-code/fs-plus": {
      "version": "4.0.0",
      "resolved": "git+ssh://git@github.com/lumine-code/fs-plus.git#6be512460cd7a6d617277f9608b3fcba264cb3be",
      "integrity": "sha512-KdNirUIY4cyVWBYkWW5SMumMACUnIOJoTITYNhpj7b9FhxmHQ9N8UiBXJbxswZb8Cd+sGUhUgrnaI11laOZkNQ==",
      "license": "MIT",
      "engines": {
        "node": ">=20"
      }
    },
    "node_modules/@lumine-code/season": {
      "version": "7.0.0",
      "resolved": "git+ssh://git@github.com/lumine-code/season.git#721e25f3a41fd9b73419bba7af5057c1a006fd5d",
      "integrity": "sha512-11HeEGXAJMX1VevPB5ACbHuzt9hhySq+SIo0SDJnzEl/PGNfYJVjrzlLHUbXSJvRaiS1y8UXOLe+u2USQvPhbg==",
      "license": "MIT",
      "dependencies": {
        "cson-parser": "^4.0.9"
      },
      "engines": {
        "node": ">=20"
      }
    },
    "node_modules/@lumine-code/underscore-plus": {
      "version": "2.0.0",
      "resolved": "git+ssh://git@github.com/lumine-code/underscore-plus.git#330ad1fe2fae4e495a5f52939d8d1d7592ce4e65",
      "integrity": "sha512-TJra1kBlLE6Ru7noqGEVPW6VBYK0qgFXURWE9/74CRT/euhkmtz2UPaddLsW2YNf3d5azv2A25PXMLn+K+GK7w==",
      "license": "MIT",
      "dependencies": {
        "underscore": "^1.13.8"
      },
      "engines": {
        "node": ">=20"
      }
    },
    "node_modules/@types/chai": {
      "version": "5.2.3",
      "resolved": "https://registry.npmjs.org/@types/chai/-/chai-5.2.3.tgz",
      "integrity": "sha512-Mw558oeA9fFbv65/y4mHtXDs9bPnFMZAL/jxdPFUpOHHIXX91mcgEHbS5Lahr+pwZFR8A7GQleRWeI6cGFC2UA==",
      "dev": true,
      "license": "MIT",
      "peer": true,
      "dependencies": {
        "@types/deep-eql": "*",
        "assertion-error": "^2.0.1"
      }
    },
    "node_modules/@types/chai/node_modules/assertion-error": {
      "version": "2.0.1",
      "resolved": "https://registry.npmjs.org/assertion-error/-/assertion-error-2.0.1.tgz",
      "integrity": "sha512-Izi8RQcffqCeNVgFigKli1ssklIbpHnCYc6AknXGYoB6grJqyeby7jv12JUQgmTAnIDnbck1uxksT4dzN3PWBA==",
      "dev": true,
      "license": "MIT",
      "peer": true,
      "engines": {
        "node": ">=12"
      }
    },
    "node_modules/@types/deep-eql": {
      "version": "4.0.2",
      "resolved": "https://registry.npmjs.org/@types/deep-eql/-/deep-eql-4.0.2.tgz",
      "integrity": "sha512-c9h9dVVMigMPc4bwTvC5dxqtqJZwQPePsWjPlpSOnojbor6pGqdk541lfA7AqFQr5pB1BRdq0juY9db81BwyFw==",
      "dev": true,
      "license": "MIT",
      "peer": true
    },
    "node_modules/@types/sinon": {
      "version": "9.0.11",
      "resolved": "https://registry.npmjs.org/@types/sinon/-/sinon-9.0.11.tgz",
      "integrity": "sha512-PwP4UY33SeeVKodNE37ZlOsR9cReypbMJOhZ7BVE0lB+Hix3efCOxiJWiE5Ia+yL9Cn2Ch72EjFTRze8RZsNtg==",
      "dev": true,
      "license": "MIT",
      "dependencies": {
        "@types/sinonjs__fake-timers": "*"
      }
    },
    "node_modules/@types/sinonjs__fake-timers": {
      "version": "15.0.1",
      "resolved": "https://registry.npmjs.org/@types/sinonjs__fake-timers/-/sinonjs__fake-timers-15.0.1.tgz",
      "integrity": "sha512-Ko2tjWJq8oozHzHV+reuvS5KYIRAokHnGbDwGh/J64LntgpbuylF74ipEL24HCyRjf9FOlBiBHWBR1RlVKsI1w==",
      "dev": true,
      "license": "MIT"
    },
    "node_modules/assertion-error": {
      "version": "1.1.0",
      "resolved": "https://registry.npmjs.org/assertion-error/-/assertion-error-1.1.0.tgz",
      "integrity": "sha512-jgsaNduz+ndvGyFt3uSuWqvy4lCnIJiovtouQN5JZHOKCS2QuhEdbcQHFhVksz2N2U9hXJo8odG7ETyWlEeuDw==",
      "dev": true,
      "engines": {
        "node": "*"
      }
    },
    "node_modules/brace-expansion": {
      "version": "5.0.7",
      "resolved": "https://registry.npmjs.org/brace-expansion/-/brace-expansion-5.0.7.tgz",
      "integrity": "sha512-7oFy703dxfY3/NLxC1fh2SUCQ0H9rmAY+5EpDVfXjUTTs+HEwR2nYaqLv+GWcTsumwxPfiz6CzCNkwXwBUwqCA==",
      "dev": true,
      "license": "MIT",
      "dependencies": {
        "balanced-match": "^4.0.2"
      },
      "engines": {
        "node": "18 || 20 || >=22"
      }
    },
    "node_modules/brace-expansion/node_modules/balanced-match": {
      "version": "4.0.4",
      "resolved": "https://registry.npmjs.org/balanced-match/-/balanced-match-4.0.4.tgz",
      "integrity": "sha512-BLrgEcRTwX2o6gGxGOCNyMvGSp35YofuYzw9h1IMTRmKqttAZZVU67bdb9Pr2vUHA8+j3i2tJfjO6C6+4myGTA==",
      "dev": true,
      "license": "MIT",
      "engines": {
        "node": "18 || 20 || >=22"
      }
    },
    "node_modules/chai": {
      "version": "4.5.0",
      "resolved": "https://registry.npmjs.org/chai/-/chai-4.5.0.tgz",
      "integrity": "sha512-RITGBfijLkBddZvnn8jdqoTypxvqbOLYQkGGxXzeFjVHvudaPw0HNFD9x928/eUwYWd2dPCugVqspGALTZZQKw==",
      "dev": true,
      "license": "MIT",
      "dependencies": {
        "assertion-error": "^1.1.0",
        "check-error": "^1.0.3",
        "deep-eql": "^4.1.3",
        "get-func-name": "^2.0.2",
        "loupe": "^2.3.6",
        "pathval": "^1.1.1",
        "type-detect": "^4.1.0"
      },
      "engines": {
        "node": ">=4"
      }
    },
    "node_modules/chai-spies": {
      "version": "1.1.0",
      "resolved": "https://registry.npmjs.org/chai-spies/-/chai-spies-1.1.0.tgz",
      "integrity": "sha512-ikaUhQvQWchRYj2K54itFp3nrcxaFRpSDQxDlRzSn9aWgu9Pi7lD8yFxTso4WnQ39+WZ69oB/qOvqp+isJIIWA==",
      "dev": true,
      "license": "MIT",
      "engines": {
        "node": ">= 4.0.0"
      },
      "peerDependencies": {
        "chai": "*"
      }
    },
    "node_modules/chai-wait-for": {
      "version": "3.2.2",
      "resolved": "https://registry.npmjs.org/chai-wait-for/-/chai-wait-for-3.2.2.tgz",
      "integrity": "sha512-Jsh/VeWharMWtkVOOrDPxvyyx31okmrWMYqEF9GCl/3hLkxY75Dryp4If/rbVu5C3OKyuI3lVqssVtsnHGPkYQ==",
      "dev": true,
      "license": "MIT",
      "dependencies": {
        "@types/sinon": "^9"
      },
      "engines": {
        "node": ">=16"
      },
      "peerDependencies": {
        "@types/chai": ">=4 <7",
        "chai": ">=4 <7"
      }
    },
    "node_modules/check-error": {
      "version": "1.0.3",
      "resolved": "https://registry.npmjs.org/check-error/-/check-error-1.0.3.tgz",
      "integrity": "sha512-iKEoDYaRmd1mxM90a2OEfWhjsjPpYPuQ+lMYsoxB126+t8fw7ySEO48nmDg5COTjxDI65/Y2OWpeEHk3ZOe8zg==",
      "dev": true,
      "license": "MIT",
      "dependencies": {
        "get-func-name": "^2.0.2"
      },
      "engines": {
        "node": "*"
      }
    },
    "node_modules/coffeescript": {
      "version": "1.12.7",
      "resolved": "https://registry.npmjs.org/coffeescript/-/coffeescript-1.12.7.tgz",
      "integrity": "sha512-pLXHFxQMPklVoEekowk8b3erNynC+DVJzChxS/LCBBgR6/8AJkHivkm//zbowcfc7BTCAjryuhx6gPqPRfsFoA==",
      "license": "MIT",
      "bin": {
        "cake": "bin/cake",
        "coffee": "bin/coffee"
      },
      "engines": {
        "node": ">=0.8.0"
      }
    },
    "node_modules/cson-parser": {
      "version": "4.0.9",
      "resolved": "https://registry.npmjs.org/cson-parser/-/cson-parser-4.0.9.tgz",
      "integrity": "sha512-I79SAcCYquWnEfXYj8hBqOOWKj6eH6zX1hhX3yqmS4K3bYp7jME3UFpHPzu3rUew0oyfc0s8T6IlWGXRAheHag==",
      "license": "BSD-3-Clause",
      "dependencies": {
        "coffeescript": "1.12.7"
      },
      "engines": {
        "node": ">=10.13"
      }
    },
    "node_modules/deep-eql": {
      "version": "4.1.3",
      "resolved": "https://registry.npmjs.org/deep-eql/-/deep-eql-4.1.3.tgz",
      "integrity": "sha512-WaEtAOpRA1MQ0eohqZjpGD8zdI0Ovsm8mmFhaDN8dvDZzyoUMcYDnf5Y6iu7HTXxf8JDS23qWa4a+hKCDyOPzw==",
      "dev": true,
      "dependencies": {
        "type-detect": "^4.0.0"
      },
      "engines": {
        "node": ">=6"
      }
    },
    "node_modules/event-kit": {
      "version": "2.5.3",
      "resolved": "https://registry.npmjs.org/event-kit/-/event-kit-2.5.3.tgz",
      "integrity": "sha512-b7Qi1JNzY4BfAYfnIRanLk0DOD1gdkWHT4GISIn8Q2tAf3LpU8SP2CMwWaq40imYoKWbtN4ZhbSRxvsnikooZQ=="
    },
    "node_modules/get-func-name": {
      "version": "2.0.2",
      "resolved": "https://registry.npmjs.org/get-func-name/-/get-func-name-2.0.2.tgz",
      "integrity": "sha512-8vXOvuE167CtIc3OyItco7N/dpRtBbYOsPsXCz7X/PMnlGjYjSGuZJgM1Y7mmew7BKf9BqvLX2tnOVy1BBUsxQ==",
      "dev": true,
      "license": "MIT",
      "engines": {
        "node": "*"
      }
    },
    "node_modules/glob": {
      "version": "13.0.6",
      "resolved": "https://registry.npmjs.org/glob/-/glob-13.0.6.tgz",
      "integrity": "sha512-Wjlyrolmm8uDpm/ogGyXZXb1Z+Ca2B8NbJwqBVg0axK9GbBeoS7yGV6vjXnYdGm6X53iehEuxxbyiKp8QmN4Vw==",
      "dev": true,
      "license": "BlueOak-1.0.0",
      "dependencies": {
        "minimatch": "^10.2.2",
        "minipass": "^7.1.3",
        "path-scurry": "^2.0.2"
      },
      "engines": {
        "node": "18 || 20 || >=22"
      },
      "funding": {
        "url": "https://github.com/sponsors/isaacs"
      }
    },
    "node_modules/glob/node_modules/path-scurry": {
      "version": "2.0.2",
      "resolved": "https://registry.npmjs.org/path-scurry/-/path-scurry-2.0.2.tgz",
      "integrity": "sha512-3O/iVVsJAPsOnpwWIeD+d6z/7PmqApyQePUtCndjatj/9I5LylHvt5qluFaBT3I5h3r1ejfR056c+FCv+NnNXg==",
      "dev": true,
      "license": "BlueOak-1.0.0",
      "dependencies": {
        "lru-cache": "^11.0.0",
        "minipass": "^7.1.2"
      },
      "engines": {
        "node": "18 || 20 || >=22"
      },
      "funding": {
        "url": "https://github.com/sponsors/isaacs"
      }
    },
    "node_modules/grim": {
      "version": "2.0.3",
      "resolved": "https://registry.npmjs.org/grim/-/grim-2.0.3.tgz",
      "integrity": "sha512-FM20Ump11qYLK9k9DbL8yzVpy+YBieya1JG15OeH8s+KbHq8kL4SdwRtURwIUHniSxb24EoBUpwKfFjGNVi4/Q==",
      "dependencies": {
        "event-kit": "^2.0.0"
      }
    },
    "node_modules/jasmine": {
      "version": "6.3.0",
      "resolved": "https://registry.npmjs.org/jasmine/-/jasmine-6.3.0.tgz",
      "integrity": "sha512-u6L7yYtrtS1JALlp7f4k7Wz7o7ZKXauSKKkXc0L3qUkKrdaxYvNiMHhHp5gtTuVZZXVihXRxS7bWwDBX1wJ7EQ==",
      "dev": true,
      "license": "MIT",
      "dependencies": {
        "@jasminejs/reporters": "^1.0.0",
        "glob": "^10.2.2 || ^11.0.3 || ^12.0.0 || ^13.0.0",
        "jasmine-core": "~6.3.0"
      },
      "bin": {
        "jasmine": "bin/jasmine.js"
      }
    },
    "node_modules/jasmine-core": {
      "version": "6.3.0",
      "resolved": "https://registry.npmjs.org/jasmine-core/-/jasmine-core-6.3.0.tgz",
      "integrity": "sha512-eMm5qBovNjNoGOcgE/W207+wrcK5zrQv0Rg/rWGboUJUmZp0dFCpHTyjpuDAfCwRCqg7f9U2q2jtv/aUuzdCQg==",
      "dev": true,
      "license": "MIT"
    },
    "node_modules/loupe": {
      "version": "2.3.6",
      "resolved": "https://registry.npmjs.org/loupe/-/loupe-2.3.6.tgz",
      "integrity": "sha512-RaPMZKiMy8/JruncMU5Bt6na1eftNoo++R4Y+N2FrxkDVTrGvcyzFTsaGif4QTeKESheMGegbhw6iUAq+5A8zA==",
      "dev": true,
      "dependencies": {
        "get-func-name": "^2.0.0"
      }
    },
    "node_modules/lru-cache": {
      "version": "11.5.2",
      "resolved": "https://registry.npmjs.org/lru-cache/-/lru-cache-11.5.2.tgz",
      "integrity": "sha512-4pfM1Ff0x50o0tQwb5ucw/RzNyD0/YJME6IVcStalZuMWxdt3sR3huStTtxz4PUmvZfRguvDejasvQ2kifR11g==",
      "dev": true,
      "license": "BlueOak-1.0.0",
      "engines": {
        "node": "20 || >=22"
      }
    },
    "node_modules/minimatch": {
      "version": "10.2.5",
      "resolved": "https://registry.npmjs.org/minimatch/-/minimatch-10.2.5.tgz",
      "integrity": "sha512-MULkVLfKGYDFYejP07QOurDLLQpcjk7Fw+7jXS2R2czRQzR56yHRveU5NDJEOviH+hETZKSkIk5c+T23GjFUMg==",
      "dev": true,
      "license": "BlueOak-1.0.0",
      "dependencies": {
        "brace-expansion": "^5.0.5"
      },
      "engines": {
        "node": "18 || 20 || >=22"
      },
      "funding": {
        "url": "https://github.com/sponsors/isaacs"
      }
    },
    "node_modules/minipass": {
      "version": "7.1.3",
      "resolved": "https://registry.npmjs.org/minipass/-/minipass-7.1.3.tgz",
      "integrity": "sha512-tEBHqDnIoM/1rXME1zgka9g6Q2lcoCkxHLuc7ODJ5BxbP5d4c2Z5cGgtXAku59200Cx7diuHTOYfSBD8n6mm8A==",
      "dev": true,
      "license": "BlueOak-1.0.0",
      "engines": {
        "node": ">=16 || 14 >=14.17"
      }
    },
    "node_modules/pathval": {
      "version": "1.1.1",
      "resolved": "https://registry.npmjs.org/pathval/-/pathval-1.1.1.tgz",
      "integrity": "sha512-Dp6zGqpTdETdR63lehJYPeIOqpiNBNtc7BpWSLrOje7UaIsE5aY92r/AunQA7rsXvet3lrJ3JnZX29UPTKXyKQ==",
      "dev": true,
      "engines": {
        "node": "*"
      }
    },
    "node_modules/pegjs": {
      "version": "0.10.0",
      "resolved": "https://registry.npmjs.org/pegjs/-/pegjs-0.10.0.tgz",
      "integrity": "sha512-qI5+oFNEGi3L5HAxDwN2LA4Gg7irF70Zs25edhjld9QemOgp0CbvMtbFcMvFtEo1OityPrcCzkQFB8JP/hxgow==",
      "dev": true,
      "bin": {
        "pegjs": "bin/pegjs"
      },
      "engines": {
        "node": ">=0.10"
      }
    },
    "node_modules/type-detect": {
      "version": "4.1.0",
      "resolved": "https://registry.npmjs.org/type-detect/-/type-detect-4.1.0.tgz",
      "integrity": "sha512-Acylog8/luQ8L7il+geoSxhEkazvkslg7PSNKOX59mbB9cOveP5aq9h74Y7YU8yDpJwetzQQrfIwtf4Wp4LKcw==",
      "dev": true,
      "license": "MIT",
      "engines": {
        "node": ">=4"
      }
    },
    "node_modules/underscore": {
      "version": "1.13.8",
      "resolved": "https://registry.npmjs.org/underscore/-/underscore-1.13.8.tgz",
      "integrity": "sha512-DXtD3ZtEQzc7M8m4cXotyHR+FAS18C64asBYY5vqZexfYryNNnDc02W4hKg3rdQuqOYas1jkseX0+nZXjTXnvQ==",
      "license": "MIT"
    },
    "node_modules/vscode-oniguruma": {
      "version": "2.0.1",
      "resolved": "https://registry.npmjs.org/vscode-oniguruma/-/vscode-oniguruma-2.0.1.tgz",
      "integrity": "sha512-poJU8iHIWnC3vgphJnrLZyI3YdqRlR27xzqDmpPXYzA93R4Gk8z7T6oqDzDoHjoikA2aS82crdXFkjELCdJsjQ==",
      "license": "MIT"
    }
  },
  "dependencies": {
    "@jasminejs/reporters": {
      "version": "1.0.0",
      "resolved": "https://registry.npmjs.org/@jasminejs/reporters/-/reporters-1.0.0.tgz",
      "integrity": "sha512-rM3GG4vx2H1Gp5kYCTr9aKlOEJFd43pzpiMAiy5b1+FUc2ub4e6bS6yCi/WQNDzAa5MVp9++dwcoEtcIfoEnhA==",
      "dev": true
    },
    "@lumine-code/fs-plus": {
      "version": "git+ssh://git@github.com/lumine-code/fs-plus.git#6be512460cd7a6d617277f9608b3fcba264cb3be",
      "integrity": "sha512-KdNirUIY4cyVWBYkWW5SMumMACUnIOJoTITYNhpj7b9FhxmHQ9N8UiBXJbxswZb8Cd+sGUhUgrnaI11laOZkNQ==",
      "from": "@lumine-code/fs-plus@https://github.com/lumine-code/fs-plus.git#6be512460cd7a6d617277f9608b3fcba264cb3be"
    },
    "@lumine-code/season": {
      "version": "git+ssh://git@github.com/lumine-code/season.git#721e25f3a41fd9b73419bba7af5057c1a006fd5d",
      "integrity": "sha512-11HeEGXAJMX1VevPB5ACbHuzt9hhySq+SIo0SDJnzEl/PGNfYJVjrzlLHUbXSJvRaiS1y8UXOLe+u2USQvPhbg==",
      "from": "@lumine-code/season@https://github.com/lumine-code/season.git#721e25f3a41fd9b73419bba7af5057c1a006fd5d",
      "requires": {
        "cson-parser": "^4.0.9"
      }
    },
    "@lumine-code/underscore-plus": {
      "version": "git+ssh://git@github.com/lumine-code/underscore-plus.git#330ad1fe2fae4e495a5f52939d8d1d7592ce4e65",
      "integrity": "sha512-TJra1kBlLE6Ru7noqGEVPW6VBYK0qgFXURWE9/74CRT/euhkmtz2UPaddLsW2YNf3d5azv2A25PXMLn+K+GK7w==",
      "from": "@lumine-code/underscore-plus@https://github.com/lumine-code/underscore-plus.git#330ad1fe2fae4e495a5f52939d8d1d7592ce4e65",
      "requires": {
        "underscore": "^1.13.8"
      }
    },
    "@types/chai": {
      "version": "5.2.3",
      "resolved": "https://registry.npmjs.org/@types/chai/-/chai-5.2.3.tgz",
      "integrity": "sha512-Mw558oeA9fFbv65/y4mHtXDs9bPnFMZAL/jxdPFUpOHHIXX91mcgEHbS5Lahr+pwZFR8A7GQleRWeI6cGFC2UA==",
      "dev": true,
      "peer": true,
      "requires": {
        "@types/deep-eql": "*",
        "assertion-error": "^2.0.1"
      },
      "dependencies": {
        "assertion-error": {
          "version": "2.0.1",
          "resolved": "https://registry.npmjs.org/assertion-error/-/assertion-error-2.0.1.tgz",
          "integrity": "sha512-Izi8RQcffqCeNVgFigKli1ssklIbpHnCYc6AknXGYoB6grJqyeby7jv12JUQgmTAnIDnbck1uxksT4dzN3PWBA==",
          "dev": true,
          "peer": true
        }
      }
    },
    "@types/deep-eql": {
      "version": "4.0.2",
      "resolved": "https://registry.npmjs.org/@types/deep-eql/-/deep-eql-4.0.2.tgz",
      "integrity": "sha512-c9h9dVVMigMPc4bwTvC5dxqtqJZwQPePsWjPlpSOnojbor6pGqdk541lfA7AqFQr5pB1BRdq0juY9db81BwyFw==",
      "dev": true,
      "peer": true
    },
    "@types/sinon": {
      "version": "9.0.11",
      "resolved": "https://registry.npmjs.org/@types/sinon/-/sinon-9.0.11.tgz",
      "integrity": "sha512-PwP4UY33SeeVKodNE37ZlOsR9cReypbMJOhZ7BVE0lB+Hix3efCOxiJWiE5Ia+yL9Cn2Ch72EjFTRze8RZsNtg==",
      "dev": true,
      "requires": {
        "@types/sinonjs__fake-timers": "*"
      }
    },
    "@types/sinonjs__fake-timers": {
      "version": "15.0.1",
      "resolved": "https://registry.npmjs.org/@types/sinonjs__fake-timers/-/sinonjs__fake-timers-15.0.1.tgz",
      "integrity": "sha512-Ko2tjWJq8oozHzHV+reuvS5KYIRAokHnGbDwGh/J64LntgpbuylF74ipEL24HCyRjf9FOlBiBHWBR1RlVKsI1w==",
      "dev": true
    },
    "assertion-error": {
      "version": "1.1.0",
      "resolved": "https://registry.npmjs.org/assertion-error/-/assertion-error-1.1.0.tgz",
      "integrity": "sha512-jgsaNduz+ndvGyFt3uSuWqvy4lCnIJiovtouQN5JZHOKCS2QuhEdbcQHFhVksz2N2U9hXJo8odG7ETyWlEeuDw==",
      "dev": true
    },
    "brace-expansion": {
      "version": "5.0.7",
      "resolved": "https://registry.npmjs.org/brace-expansion/-/brace-expansion-5.0.7.tgz",
      "integrity": "sha512-7oFy703dxfY3/NLxC1fh2SUCQ0H9rmAY+5EpDVfXjUTTs+HEwR2nYaqLv+GWcTsumwxPfiz6CzCNkwXwBUwqCA==",
      "dev": true,
      "requires": {
        "balanced-match": "^4.0.2"
      },
      "dependencies": {
        "balanced-match": {
          "version": "4.0.4",
          "resolved": "https://registry.npmjs.org/balanced-match/-/balanced-match-4.0.4.tgz",
          "integrity": "sha512-BLrgEcRTwX2o6gGxGOCNyMvGSp35YofuYzw9h1IMTRmKqttAZZVU67bdb9Pr2vUHA8+j3i2tJfjO6C6+4myGTA==",
          "dev": true
        }
      }
    },
    "chai": {
      "version": "4.5.0",
      "resolved": "https://registry.npmjs.org/chai/-/chai-4.5.0.tgz",
      "integrity": "sha512-RITGBfijLkBddZvnn8jdqoTypxvqbOLYQkGGxXzeFjVHvudaPw0HNFD9x928/eUwYWd2dPCugVqspGALTZZQKw==",
      "dev": true,
      "requires": {
        "assertion-error": "^1.1.0",
        "check-error": "^1.0.3",
        "deep-eql": "^4.1.3",
        "get-func-name": "^2.0.2",
        "loupe": "^2.3.6",
        "pathval": "^1.1.1",
        "type-detect": "^4.1.0"
      }
    },
    "chai-spies": {
      "version": "1.1.0",
      "resolved": "https://registry.npmjs.org/chai-spies/-/chai-spies-1.1.0.tgz",
      "integrity": "sha512-ikaUhQvQWchRYj2K54itFp3nrcxaFRpSDQxDlRzSn9aWgu9Pi7lD8yFxTso4WnQ39+WZ69oB/qOvqp+isJIIWA==",
      "dev": true,
      "requires": {}
    },
    "chai-wait-for": {
      "version": "3.2.2",
      "resolved": "https://registry.npmjs.org/chai-wait-for/-/chai-wait-for-3.2.2.tgz",
      "integrity": "sha512-Jsh/VeWharMWtkVOOrDPxvyyx31okmrWMYqEF9GCl/3hLkxY75Dryp4If/rbVu5C3OKyuI3lVqssVtsnHGPkYQ==",
      "dev": true,
      "requires": {
        "@types/sinon": "^9"
      }
    },
    "check-error": {
      "version": "1.0.3",
      "resolved": "https://registry.npmjs.org/check-error/-/check-error-1.0.3.tgz",
      "integrity": "sha512-iKEoDYaRmd1mxM90a2OEfWhjsjPpYPuQ+lMYsoxB126+t8fw7ySEO48nmDg5COTjxDI65/Y2OWpeEHk3ZOe8zg==",
      "dev": true,
      "requires": {
        "get-func-name": "^2.0.2"
      }
    },
    "coffeescript": {
      "version": "1.12.7",
      "resolved": "https://registry.npmjs.org/coffeescript/-/coffeescript-1.12.7.tgz",
      "integrity": "sha512-pLXHFxQMPklVoEekowk8b3erNynC+DVJzChxS/LCBBgR6/8AJkHivkm//zbowcfc7BTCAjryuhx6gPqPRfsFoA=="
    },
    "cson-parser": {
      "version": "4.0.9",
      "resolved": "https://registry.npmjs.org/cson-parser/-/cson-parser-4.0.9.tgz",
      "integrity": "sha512-I79SAcCYquWnEfXYj8hBqOOWKj6eH6zX1hhX3yqmS4K3bYp7jME3UFpHPzu3rUew0oyfc0s8T6IlWGXRAheHag==",
      "requires": {
        "coffeescript": "1.12.7"
      }
    },
    "deep-eql": {
      "version": "4.1.3",
      "resolved": "https://registry.npmjs.org/deep-eql/-/deep-eql-4.1.3.tgz",
      "integrity": "sha512-WaEtAOpRA1MQ0eohqZjpGD8zdI0Ovsm8mmFhaDN8dvDZzyoUMcYDnf5Y6iu7HTXxf8JDS23qWa4a+hKCDyOPzw==",
      "dev": true,
      "requires": {
        "type-detect": "^4.0.0"
      }
    },
    "event-kit": {
      "version": "2.5.3",
      "resolved": "https://registry.npmjs.org/event-kit/-/event-kit-2.5.3.tgz",
      "integrity": "sha512-b7Qi1JNzY4BfAYfnIRanLk0DOD1gdkWHT4GISIn8Q2tAf3LpU8SP2CMwWaq40imYoKWbtN4ZhbSRxvsnikooZQ=="
    },
    "get-func-name": {
      "version": "2.0.2",
      "resolved": "https://registry.npmjs.org/get-func-name/-/get-func-name-2.0.2.tgz",
      "integrity": "sha512-8vXOvuE167CtIc3OyItco7N/dpRtBbYOsPsXCz7X/PMnlGjYjSGuZJgM1Y7mmew7BKf9BqvLX2tnOVy1BBUsxQ==",
      "dev": true
    },
    "glob": {
      "version": "13.0.6",
      "resolved": "https://registry.npmjs.org/glob/-/glob-13.0.6.tgz",
      "integrity": "sha512-Wjlyrolmm8uDpm/ogGyXZXb1Z+Ca2B8NbJwqBVg0axK9GbBeoS7yGV6vjXnYdGm6X53iehEuxxbyiKp8QmN4Vw==",
      "dev": true,
      "requires": {
        "minimatch": "^10.2.2",
        "minipass": "^7.1.3",
        "path-scurry": "^2.0.2"
      },
      "dependencies": {
        "path-scurry": {
          "version": "2.0.2",
          "resolved": "https://registry.npmjs.org/path-scurry/-/path-scurry-2.0.2.tgz",
          "integrity": "sha512-3O/iVVsJAPsOnpwWIeD+d6z/7PmqApyQePUtCndjatj/9I5LylHvt5qluFaBT3I5h3r1ejfR056c+FCv+NnNXg==",
          "dev": true,
          "requires": {
            "lru-cache": "^11.0.0",
            "minipass": "^7.1.2"
          }
        }
      }
    },
    "grim": {
      "version": "2.0.3",
      "resolved": "https://registry.npmjs.org/grim/-/grim-2.0.3.tgz",
      "integrity": "sha512-FM20Ump11qYLK9k9DbL8yzVpy+YBieya1JG15OeH8s+KbHq8kL4SdwRtURwIUHniSxb24EoBUpwKfFjGNVi4/Q==",
      "requires": {
        "event-kit": "^2.0.0"
      }
    },
    "jasmine": {
      "version": "6.3.0",
      "resolved": "https://registry.npmjs.org/jasmine/-/jasmine-6.3.0.tgz",
      "integrity": "sha512-u6L7yYtrtS1JALlp7f4k7Wz7o7ZKXauSKKkXc0L3qUkKrdaxYvNiMHhHp5gtTuVZZXVihXRxS7bWwDBX1wJ7EQ==",
      "dev": true,
      "requires": {
        "@jasminejs/reporters": "^1.0.0",
        "glob": "^10.2.2 || ^11.0.3 || ^12.0.0 || ^13.0.0",
        "jasmine-core": "~6.3.0"
      }
    },
    "jasmine-core": {
      "version": "6.3.0",
      "resolved": "https://registry.npmjs.org/jasmine-core/-/jasmine-core-6.3.0.tgz",
      "integrity": "sha512-eMm5qBovNjNoGOcgE/W207+wrcK5zrQv0Rg/rWGboUJUmZp0dFCpHTyjpuDAfCwRCqg7f9U2q2jtv/aUuzdCQg==",
      "dev": true
    },
    "loupe": {
      "version": "2.3.6",
      "resolved": "https://registry.npmjs.org/loupe/-/loupe-2.3.6.tgz",
      "integrity": "sha512-RaPMZKiMy8/JruncMU5Bt6na1eftNoo++R4Y+N2FrxkDVTrGvcyzFTsaGif4QTeKESheMGegbhw6iUAq+5A8zA==",
      "dev": true,
      "requires": {
        "get-func-name": "^2.0.0"
      }
    },
    "lru-cache": {
      "version": "11.5.2",
      "resolved": "https://registry.npmjs.org/lru-cache/-/lru-cache-11.5.2.tgz",
      "integrity": "sha512-4pfM1Ff0x50o0tQwb5ucw/RzNyD0/YJME6IVcStalZuMWxdt3sR3huStTtxz4PUmvZfRguvDejasvQ2kifR11g==",
      "dev": true
    },
    "minimatch": {
      "version": "10.2.5",
      "resolved": "https://registry.npmjs.org/minimatch/-/minimatch-10.2.5.tgz",
      "integrity": "sha512-MULkVLfKGYDFYejP07QOurDLLQpcjk7Fw+7jXS2R2czRQzR56yHRveU5NDJEOviH+hETZKSkIk5c+T23GjFUMg==",
      "dev": true,
      "requires": {
        "brace-expansion": "^5.0.5"
      }
    },
    "minipass": {
      "version": "7.1.3",
      "resolved": "https://registry.npmjs.org/minipass/-/minipass-7.1.3.tgz",
      "integrity": "sha512-tEBHqDnIoM/1rXME1zgka9g6Q2lcoCkxHLuc7ODJ5BxbP5d4c2Z5cGgtXAku59200Cx7diuHTOYfSBD8n6mm8A==",
      "dev": true
    },
    "pathval": {
      "version": "1.1.1",
      "resolved": "https://registry.npmjs.org/pathval/-/pathval-1.1.1.tgz",
      "integrity": "sha512-Dp6zGqpTdETdR63lehJYPeIOqpiNBNtc7BpWSLrOje7UaIsE5aY92r/AunQA7rsXvet3lrJ3JnZX29UPTKXyKQ==",
      "dev": true
    },
    "pegjs": {
      "version": "0.10.0",
      "resolved": "https://registry.npmjs.org/pegjs/-/pegjs-0.10.0.tgz",
      "integrity": "sha512-qI5+oFNEGi3L5HAxDwN2LA4Gg7irF70Zs25edhjld9QemOgp0CbvMtbFcMvFtEo1OityPrcCzkQFB8JP/hxgow==",
      "dev": true
    },
    "type-detect": {
      "version": "4.1.0",
      "resolved": "https://registry.npmjs.org/type-detect/-/type-detect-4.1.0.tgz",
      "integrity": "sha512-Acylog8/luQ8L7il+geoSxhEkazvkslg7PSNKOX59mbB9cOveP5aq9h74Y7YU8yDpJwetzQQrfIwtf4Wp4LKcw==",
      "dev": true
    },
    "underscore": {
      "version": "1.13.8",
      "resolved": "https://registry.npmjs.org/underscore/-/underscore-1.13.8.tgz",
      "integrity": "sha512-DXtD3ZtEQzc7M8m4cXotyHR+FAS18C64asBYY5vqZexfYryNNnDc02W4hKg3rdQuqOYas1jkseX0+nZXjTXnvQ=="
    },
    "vscode-oniguruma": {
      "version": "2.0.1",
      "resolved": "https://registry.npmjs.org/vscode-oniguruma/-/vscode-oniguruma-2.0.1.tgz",
      "integrity": "sha512-poJU8iHIWnC3vgphJnrLZyI3YdqRlR27xzqDmpPXYzA93R4Gk8z7T6oqDzDoHjoikA2aS82crdXFkjELCdJsjQ=="
    }
  }
}
